{
  "name": "cloudretail_",
  "lockfileVersion": 3,
  "requires": true,
  "packages": {
    "": {
      "name": "cloudretail_",
      "workspaces": [
        "packages/*"
      ]
    },
    "node_modules/@cloudretail_/backend": {
      "resolved": "packages/backend",
      "link": true
    },
    "node_modules/@cloudretail_/frontend": {
      "resolved": "packages/fronted",
      "link": true
    },
    "packages/backend": {
      "name": "@cloudretail_/backend"
    },
    "packages/fronted": {
      "name": "@cloudretail_/frontend"
    }
  }
}
